
Microsoft Visual Studio Solution File, Format Version 12.00
# Visual Studio Version 17
VisualStudioVersion = 17.13.35825.156
MinimumVisualStudioVersion = 10.0.40219.1
Project("{FAE04EC0-301F-11D3-BF4B-00C04F79EFBC}") = "Regin_New", "Regin_New\Regin_New.csproj", "{0A4E77AF-3CFA-4F7B-A2A9-564CE571EA9E}"
EndProject
Global
	GlobalSection(SolutionConfigurationPlatforms) = preSolution
		Debug|Any CPU = Debug|Any CPU
		Release|Any CPU = Release|Any CPU
	EndGlobalSection
	GlobalSection(ProjectConfigurationPlatforms) = postSolution
		{0A4E77AF-3CFA-4F7B-A2A9-564CE571EA9E}.Debug|Any CPU.ActiveCfg = Debug|Any CPU
		{0A4E77AF-3CFA-4F7B-A2A9-564CE571EA9E}.Debug|Any CPU.Build.0 = Debug|Any CPU
		{0A4E77AF-3CFA-4F7B-A2A9-564CE571EA9E}.Release|Any CPU.ActiveCfg = Release|Any CPU
		{0A4E77AF-3CFA-4F7B-A2A9-564CE571EA9E}.Release|Any CPU.Build.0 = Release|Any CPU
	EndGlobalSection
	GlobalSection(SolutionProperties) = preSolution
		HideSolutionNode = FALSE
	EndGlobalSection
	GlobalSection(ExtensibilityGlobals) = postSolution
		SolutionGuid = {3BEB71FB-19BB-45D8-BA38-A385E2386C61}
	EndGlobalSection
EndGlobal
